{
  "name": "yavot-api",
  "version": "0.1.0",
  "lockfileVersion": 3,
  "requires": true,
  "packages": {
    "": {
      "name": "yavot-api",
      "version": "0.1.0",
      "dependencies": {
        "@vot.js/node": "^3.0.2"
      }
    },
    "node_modules/@bufbuild/protobuf": {
      "version": "2.14.0",
      "resolved": "https://registry.npmjs.org/@bufbuild/protobuf/-/protobuf-2.14.0.tgz",
      "integrity": "sha512-C3UGsiCwSprE2NKIIFA3hCDlpXTMCAXRZuEVp88L1GY36Y41+rYL5fryE+nOFhp4p4JPQvdV8PQ4DWgHgeTE+w==",
      "license": "(Apache-2.0 AND BSD-3-Clause)"
    },
    "node_modules/@vot.js/core": {
      "version": "3.0.2",
      "resolved": "https://registry.npmjs.org/@vot.js/core/-/core-3.0.2.tgz",
      "integrity": "sha512-MzvV31J++VTIc+OWv/vXh52cPtKBnfuOfelI7O4kaEHCPtn36XAMqPyaI7CjidugB54kIfD9mBvLnJaBWYhtkA==",
      "license": "MIT",
      "dependencies": {
        "@vot.js/shared": "^3.0.2"
      },
      "engines": {
        "node": ">=18"
      },
      "peerDependencies": {
        "typescript": "^6.0.0"
      }
    },
    "node_modules/@vot.js/node": {
      "version": "3.0.2",
      "resolved": "https://registry.npmjs.org/@vot.js/node/-/node-3.0.2.tgz",
      "integrity": "sha512-0q98+dIzCIdeXogvcIU2Gy3utrOAjRKSACckrUHAsn3gODLd/8iSggVQupde9zkAJ+HPcCorwUtYRKHKdGB5SQ==",
      "license": "MIT",
      "dependencies": {
        "@vot.js/core": "^3.0.2",
        "@vot.js/shared": "^3.0.2",
        "dom-parser": "^1.1.5",
        "undici": "^8.7.0"
      },
      "engines": {
        "node": ">=18"
      },
      "peerDependencies": {
        "typescript": "^6.0.0"
      }
    },
    "node_modules/@vot.js/shared": {
      "version": "3.0.2",
      "resolved": "https://registry.npmjs.org/@vot.js/shared/-/shared-3.0.2.tgz",
      "integrity": "sha512-FvAM7TDlNyUrGio+uu0FYRO8rkN++3gTtEqKRjG2gqBs5ceeGQYBTr5j83qxjsNp3HcwJp0qJiL867ehW5F46g==",
      "license": "MIT",
      "dependencies": {
        "@bufbuild/protobuf": "^2.0.0"
      },
      "engines": {
        "node": ">=18"
      },
      "peerDependencies": {
        "typescript": "^6.0.0"
      }
    },
    "node_modules/dom-parser": {
      "version": "1.1.5",
      "resolved": "https://registry.npmjs.org/dom-parser/-/dom-parser-1.1.5.tgz",
      "integrity": "sha512-lCiFG48ZUzGXjKN0qhSkxD/i3ndyV6I37zQ3W2VFYLjF1ob8A+QgSsM7Ps2UT0d3LpJxLMmMHiJJ34z5hkKLiA==",
      "license": "ISC"
    },
    "node_modules/typescript": {
      "version": "6.0.3",
      "resolved": "https://registry.npmjs.org/typescript/-/typescript-6.0.3.tgz",
      "integrity": "sha512-y2TvuxSZPDyQakkFRPZHKFm+KKVqIisdg9/CZwm9ftvKXLP8NRWj38/ODjNbr43SsoXqNuAisEf1GdCxqWcdBw==",
      "license": "Apache-2.0",
      "peer": true,
      "bin": {
        "tsc": "bin/tsc",
        "tsserver": "bin/tsserver"
      },
      "engines": {
        "node": ">=14.17"
      }
    },
    "node_modules/undici": {
      "version": "8.10.0",
      "resolved": "https://registry.npmjs.org/undici/-/undici-8.10.0.tgz",
      "integrity": "sha512-HvltHd7avK13QIw/oLe4qoOLyoVSoafqJ2jYOrtMRBkbYT31eiBQ8O0ehRKZiEZCMEyLFQNIADpgCWC5fALvYQ==",
      "license": "MIT",
      "engines": {
        "node": ">=22.19.0"
      }
    }
  }
}
